
Microsoft Visual Studio Solution File, Format Version 12.00
# Visual Studio Version 16
VisualStudioVersion = 16.0.30907.101
MinimumVisualStudioVersion = 10.0.40219.1
Project("{FAE04EC0-301F-11D3-BF4B-00C04F79EFBC}") = "FastFileFinder", "FastFileFinder.csproj", "{C57E6DCD-BF9C-448B-9245-B9C65AF52330}"
EndProject
Project("{54435603-DBB4-11D2-8724-00A0C9A8B90C}") = "FastFileFinderSetup", "..\FastFileFinderSetup\FastFileFinderSetup.vdproj", "{FD58705C-0817-46B9-A605-B637BF47FC00}"
EndProject
Global
	GlobalSection(SolutionConfigurationPlatforms) = preSolution
		Debug|Any CPU = Debug|Any CPU
		Release|Any CPU = Release|Any CPU
	EndGlobalSection
	GlobalSection(ProjectConfigurationPlatforms) = postSolution
		{C57E6DCD-BF9C-448B-9245-B9C65AF52330}.Debug|Any CPU.ActiveCfg = Debug|Any CPU
		{C57E6DCD-BF9C-448B-9245-B9C65AF52330}.Debug|Any CPU.Build.0 = Debug|Any CPU
		{C57E6DCD-BF9C-448B-9245-B9C65AF52330}.Release|Any CPU.ActiveCfg = Release|Any CPU
		{C57E6DCD-BF9C-448B-9245-B9C65AF52330}.Release|Any CPU.Build.0 = Release|Any CPU
		{FD58705C-0817-46B9-A605-B637BF47FC00}.Debug|Any CPU.ActiveCfg = Debug
		{FD58705C-0817-46B9-A605-B637BF47FC00}.Release|Any CPU.ActiveCfg = Release
	EndGlobalSection
	GlobalSection(SolutionProperties) = preSolution
		HideSolutionNode = FALSE
	EndGlobalSection
	GlobalSection(ExtensibilityGlobals) = postSolution
		SolutionGuid = {DBF8F7D5-D0E6-4C6A-BA19-4F51FD98B57B}
	EndGlobalSection
EndGlobal
